
Microsoft Visual Studio Solution File, Format Version 12.00
# Visual Studio 2013
VisualStudioVersion = 12.0.40629.0
MinimumVisualStudioVersion = 10.0.40219.1
Project("{FAE04EC0-301F-11D3-BF4B-00C04F79EFBC}") = "iSmileAlignerTS", "iSmileAlignerTS\iSmileAlignerTS.csproj", "{64957AFE-F982-45A1-BEE1-126B935B9DE0}"
EndProject
Project("{2150E333-8FDC-42A3-9474-1A3956D46DE8}") = "PublishScripts", "PublishScripts", "{182EEF21-B93E-4648-B2CE-8FF8328DA31C}"
EndProject
Project("{2150E333-8FDC-42A3-9474-1A3956D46DE8}") = "Scripts", "Scripts", "{B6776015-5B67-4F9B-A7CE-5773F21EDB60}"
	ProjectSection(SolutionItems) = preProject
		PublishScripts\Scripts\Deploy-AzureResourceGroup.ps1 = PublishScripts\Scripts\Deploy-AzureResourceGroup.ps1
	EndProjectSection
EndProject
Project("{2150E333-8FDC-42A3-9474-1A3956D46DE8}") = "Templates", "Templates", "{6C0BB6F6-3B39-46C3-A497-A933BE1FC008}"
	ProjectSection(SolutionItems) = preProject
		PublishScripts\Templates\iSmileAlignerTS.json = PublishScripts\Templates\iSmileAlignerTS.json
		PublishScripts\Templates\iSmileAlignerTS.param.dev.json = PublishScripts\Templates\iSmileAlignerTS.param.dev.json
	EndProjectSection
EndProject
Global
	GlobalSection(TeamFoundationVersionControl) = preSolution
		SccNumberOfProjects = 2
		SccEnterpriseProvider = {4CA58AB2-18FA-4F8D-95D4-32DDF27D184C}
		SccTeamFoundationServer = https://ismilealigner.visualstudio.com/defaultcollection
		SccLocalPath0 = .
		SccProjectUniqueName1 = iSmileAlignerTS\\iSmileAlignerTS.csproj
		SccProjectName1 = iSmileAlignerTS
		SccLocalPath1 = iSmileAlignerTS
	EndGlobalSection
	GlobalSection(SolutionConfigurationPlatforms) = preSolution
		Debug|Any CPU = Debug|Any CPU
		Release|Any CPU = Release|Any CPU
	EndGlobalSection
	GlobalSection(ProjectConfigurationPlatforms) = postSolution
		{64957AFE-F982-45A1-BEE1-126B935B9DE0}.Debug|Any CPU.ActiveCfg = Debug|Any CPU
		{64957AFE-F982-45A1-BEE1-126B935B9DE0}.Debug|Any CPU.Build.0 = Debug|Any CPU
		{64957AFE-F982-45A1-BEE1-126B935B9DE0}.Release|Any CPU.ActiveCfg = Release|Any CPU
		{64957AFE-F982-45A1-BEE1-126B935B9DE0}.Release|Any CPU.Build.0 = Release|Any CPU
	EndGlobalSection
	GlobalSection(SolutionProperties) = preSolution
		HideSolutionNode = FALSE
	EndGlobalSection
	GlobalSection(NestedProjects) = preSolution
		{B6776015-5B67-4F9B-A7CE-5773F21EDB60} = {182EEF21-B93E-4648-B2CE-8FF8328DA31C}
		{6C0BB6F6-3B39-46C3-A497-A933BE1FC008} = {182EEF21-B93E-4648-B2CE-8FF8328DA31C}
	EndGlobalSection
EndGlobal
